PODS:
  - AFNetworking (4.0.1):
    - AFNetworking/NSURLSession (= 4.0.1)
    - AFNetworking/Reachability (= 4.0.1)
    - AFNetworking/Security (= 4.0.1)
    - AFNetworking/Serialization (= 4.0.1)
    - AFNetworking/UIKit (= 4.0.1)
  - AFNetworking/NSURLSession (4.0.1):
    - AFNetworking/Reachability
    - AFNetworking/Security
    - AFNetworking/Serialization
  - AFNetworking/Reachability (4.0.1)
  - AFNetworking/Security (4.0.1)
  - AFNetworking/Serialization (4.0.1)
  - AFNetworking/UIKit (4.0.1):
    - AFNetworking/NSURLSession
  - SDWebImage (5.17.0):
    - SDWebImage/Core (= 5.17.0)
  - SDWebImage/Core (5.17.0)
  - UICountingLabel (1.4.1)

DEPENDENCIES:
  - AFNetworking
  - SDWebImage
  - UICountingLabel (from `https://github.com/dataxpress/UICountingLabel.git`)

SPEC REPOS:
  trunk:
    - AFNetworking
    - SDWebImage

EXTERNAL SOURCES:
  UICountingLabel:
    :git: https://github.com/dataxpress/UICountingLabel.git

CHECKOUT OPTIONS:
  UICountingLabel:
    :commit: 872a7b69feb8f77a1eb71cda95ec17f70ea60c5d
    :git: https://github.com/dataxpress/UICountingLabel.git

SPEC CHECKSUMS:
  AFNetworking: 3bd23d814e976cd148d7d44c3ab78017b744cd58
  SDWebImage: 750adf017a315a280c60fde706ab1e552a3ae4e9
  UICountingLabel: cefc8fb9e2934d968f975e5fcc7b4d01f5403a9b

PODFILE CHECKSUM: a8efdaab88519da5ebe62d202913cdc2c94a7de0

COCOAPODS: 1.14.3
